// !$*UTF8*$!
{
	archiveVersion = 1;
	classes = {
	};
	objectVersion = 56;
	objects = {

/* Begin PBXBuildFile section */
		8D411CF52A4ECD5800C62AE4 /* MapViewSwiftUI.swift in Sources */ = {isa = PBXBuildFile; fileRef = 8D411CF42A4ECD5800C62AE4 /* MapViewSwiftUI.swift */; };
		8D411CF72A4ECD5F00C62AE4 /* StepCountView.swift in Sources */ = {isa = PBXBuildFile; fileRef = 8D411CF62A4ECD5F00C62AE4 /* StepCountView.swift */; };
		8D7B19012A53DD0B0079A0E3 /* StepCountMapView.swift in Sources */ = {isa = PBXBuildFile; fileRef = 8D7B19002A53DD0B0079A0E3 /* StepCountMapView.swift */; };
		8D90635C2A4D1C0800E6D5DC /* StepCountAppApp.swift in Sources */ = {isa = PBXBuildFile; fileRef = 8D90635B2A4D1C0800E6D5DC /* StepCountAppApp.swift */; };
		8D90635E2A4D1C0800E6D5DC /* ContentView.swift in Sources */ = {isa = PBXBuildFile; fileRef = 8D90635D2A4D1C0800E6D5DC /* ContentView.swift */; };
		8D9063602A4D1C0900E6D5DC /* Assets.xcassets in Resources */ = {isa = PBXBuildFile; fileRef = 8D90635F2A4D1C0900E6D5DC /* Assets.xcassets */; };
		8D9063632A4D1C0900E6D5DC /* Preview Assets.xcassets in Resources */ = {isa = PBXBuildFile; fileRef = 8D9063622A4D1C0900E6D5DC /* Preview Assets.xcassets */; };
		8DA9ED222A4ED14C00029C71 /* MapViewSwiftUI_1.swift in Sources */ = {isa = PBXBuildFile; fileRef = 8DA9ED212A4ED14C00029C71 /* MapViewSwiftUI_1.swift */; };
		8DA9ED242A4ED2E600029C71 /* MapViewManager.swift in Sources */ = {isa = PBXBuildFile; fileRef = 8DA9ED232A4ED2E600029C71 /* MapViewManager.swift */; };
/* End PBXBuildFile section */

/* Begin PBXFileReference section */
		8D411CF42A4ECD5800C62AE4 /* MapViewSwiftUI.swift */ = {isa = PBXFileReference; fileEncoding = 4; lastKnownFileType = sourcecode.swift; path = MapViewSwiftUI.swift; sourceTree = "<group>"; };
		8D411CF62A4ECD5F00C62AE4 /* StepCountView.swift */ = {isa = PBXFileReference; fileEncoding = 4; lastKnownFileType = sourcecode.swift; path = StepCountView.swift; sourceTree = "<group>"; };
		8D7B19002A53DD0B0079A0E3 /* StepCountMapView.swift */ = {isa = PBXFileReference; lastKnownFileType = sourcecode.swift; path = StepCountMapView.swift; sourceTree = "<group>"; };
		8D9063582A4D1C0800E6D5DC /* StepCountApp.app */ = {isa = PBXFileReference; explicitFileType = wrapper.application; includeInIndex = 0; path = StepCountApp.app; sourceTree = BUILT_PRODUCTS_DIR; };
		8D90635B2A4D1C0800E6D5DC /* StepCountAppApp.swift */ = {isa = PBXFileReference; lastKnownFileType = sourcecode.swift; path = StepCountAppApp.swift; sourceTree = "<group>"; };
		8D90635D2A4D1C0800E6D5DC /* ContentView.swift */ = {isa = PBXFileReference; lastKnownFileType = sourcecode.swift; path = ContentView.swift; sourceTree = "<group>"; };
		8D90635F2A4D1C0900E6D5DC /* Assets.xcassets */ = {isa = PBXFileReference; lastKnownFileType = folder.assetcatalog; path = Assets.xcassets; sourceTree = "<group>"; };
		8D9063622A4D1C0900E6D5DC /* Preview Assets.xcassets */ = {isa = PBXFileReference; lastKnownFileType = folder.assetcatalog; path = "Preview Assets.xcassets"; sourceTree = "<group>"; };
		8D9063692A4D1CE000E6D5DC /* Info.plist */ = {isa = PBXFileReference; lastKnownFileType = text.plist; path = Info.plist; sourceTree = "<group>"; };
		8DA9ED212A4ED14C00029C71 /* MapViewSwiftUI_1.swift */ = {isa = PBXFileReference; lastKnownFileType = sourcecode.swift; path = MapViewSwiftUI_1.swift; sourceTree = "<group>"; };
		8DA9ED232A4ED2E600029C71 /* MapViewManager.swift */ = {isa = PBXFileReference; lastKnownFileType = sourcecode.swift; path = MapViewManager.swift; sourceTree = "<group>"; };
/* End PBXFileReference section */

/* Begin PBXFrameworksBuildPhase section */
		8D9063552A4D1C0800E6D5DC /* Frameworks */ = {
			isa = PBXFrameworksBuildPhase;
			buildActionMask = 2147483647;
			files = (
			);
			runOnlyForDeploymentPostprocessing = 0;
		};
/* End PBXFrameworksBuildPhase section */

/* Begin PBXGroup section */
		8D90634F2A4D1C0800E6D5DC = {
			isa = PBXGroup;
			children = (
				8D90635A2A4D1C0800E6D5DC /* StepCountApp */,
				8D9063592A4D1C0800E6D5DC /* Products */,
				A0AC7C1B89979849593E434A /* Pods */,
			);
			sourceTree = "<group>";
		};
		8D9063592A4D1C0800E6D5DC /* Products */ = {
			isa = PBXGroup;
			children = (
				8D9063582A4D1C0800E6D5DC /* StepCountApp.app */,
			);
			name = Products;
			sourceTree = "<group>";
		};
		8D90635A2A4D1C0800E6D5DC /* StepCountApp */ = {
			isa = PBXGroup;
			children = (
				8D90635B2A4D1C0800E6D5DC /* StepCountAppApp.swift */,
				8D90635D2A4D1C0800E6D5DC /* ContentView.swift */,
				8D411CF62A4ECD5F00C62AE4 /* StepCountView.swift */,
				8DA9ED212A4ED14C00029C71 /* MapViewSwiftUI_1.swift */,
				8D411CF42A4ECD5800C62AE4 /* MapViewSwiftUI.swift */,
				8D7B19002A53DD0B0079A0E3 /* StepCountMapView.swift */,
				8DA9ED232A4ED2E600029C71 /* MapViewManager.swift */,
				8D90635F2A4D1C0900E6D5DC /* Assets.xcassets */,
				8D9063692A4D1CE000E6D5DC /* Info.plist */,
				8D9063612A4D1C0900E6D5DC /* Preview Content */,
			);
			path = StepCountApp;
			sourceTree = "<group>";
		};
		8D9063612A4D1C0900E6D5DC /* Preview Content */ = {
			isa = PBXGroup;
			children = (
				8D9063622A4D1C0900E6D5DC /* Preview Assets.xcassets */,
			);
			path = "Preview Content";
			sourceTree = "<group>";
		};
		A0AC7C1B89979849593E434A /* Pods */ = {
			isa = PBXGroup;
			children = (
			);
			path = Pods;
			sourceTree = "<group>";
		};
/* End PBXGroup section */

/* Begin PBXNativeTarget section */
		8D9063572A4D1C0800E6D5DC /* StepCountApp */ = {
			isa = PBXNativeTarget;
			buildConfigurationList = 8D9063662A4D1C0900E6D5DC /* Build configuration list for PBXNativeTarget "StepCountApp" */;
			buildPhases = (
				8D9063542A4D1C0800E6D5DC /* Sources */,
				8D9063552A4D1C0800E6D5DC /* Frameworks */,
				8D9063562A4D1C0800E6D5DC /* Resources */,
			);
			buildRules = (
			);
			dependencies = (
			);
			name = StepCountApp;
			productName = StepCountApp;
			productReference = 8D9063582A4D1C0800E6D5DC /* StepCountApp.app */;
			productType = "com.apple.product-type.application";
		};
/* End PBXNativeTarget section */

/* Begin PBXProject section */
		8D9063502A4D1C0800E6D5DC /* Project object */ = {
			isa = PBXProject;
			attributes = {
				BuildIndependentTargetsInParallel = 1;
				LastSwiftUpdateCheck = 1430;
				LastUpgradeCheck = 1430;
				TargetAttributes = {
					8D9063572A4D1C0800E6D5DC = {
						CreatedOnToolsVersion = 14.3.1;
					};
				};
			};
			buildConfigurationList = 8D9063532A4D1C0800E6D5DC /* Build configuration list for PBXProject "StepCountApp" */;
			compatibilityVersion = "Xcode 14.0";
			developmentRegion = en;
			hasScannedForEncodings = 0;
			knownRegions = (
				en,
				Base,
			);
			mainGroup = 8D90634F2A4D1C0800E6D5DC;
			productRefGroup = 8D9063592A4D1C0800E6D5DC /* Products */;
			projectDirPath = "";
			projectRoot = "";
			targets = (
				8D9063572A4D1C0800E6D5DC /* StepCountApp */,
			);
		};
/* End PBXProject section */

/* Begin PBXResourcesBuildPhase section */
		8D9063562A4D1C0800E6D5DC /* Resources */ = {
			isa = PBXResourcesBuildPhase;
			buildActionMask = 2147483647;
			files = (
				8D9063632A4D1C0900E6D5DC /* Preview Assets.xcassets in Resources */,
				8D9063602A4D1C0900E6D5DC /* Assets.xcassets in Resources */,
			);
			runOnlyForDeploymentPostprocessing = 0;
		};
/* End PBXResourcesBuildPhase section */

/* Begin PBXSourcesBuildPhase section */
		8D9063542A4D1C0800E6D5DC /* Sources */ = {
			isa = PBXSourcesBuildPhase;
			buildActionMask = 2147483647;
			files = (
				8D411CF52A4ECD5800C62AE4 /* MapViewSwiftUI.swift in Sources */,
				8DA9ED222A4ED14C00029C71 /* MapViewSwiftUI_1.swift in Sources */,
				8D90635E2A4D1C0800E6D5DC /* ContentView.swift in Sources */,
				8D411CF72A4ECD5F00C62AE4 /* StepCountView.swift in Sources */,
				8D7B19012A53DD0B0079A0E3 /* StepCountMapView.swift in Sources */,
				8D90635C2A4D1C0800E6D5DC /* StepCountAppApp.swift in Sources */,
				8DA9ED242A4ED2E600029C71 /* MapViewManager.swift in Sources */,
			);
			runOnlyForDeploymentPostprocessing = 0;
		};
/* End PBXSourcesBuildPhase section */

/* Begin XCBuildConfiguration section */
		8D9063642A4D1C0900E6D5DC /* Debug */ = {
			isa = XCBuildConfiguration;
			buildSettings = {
				ALWAYS_SEARCH_USER_PATHS = NO;
				CLANG_ANALYZER_NONNULL = YES;
				CLANG_ANALYZER_NUMBER_OBJECT_CONVERSION = YES_AGGRESSIVE;
				CLANG_CXX_LANGUAGE_STANDARD = "gnu++20";
				CLANG_ENABLE_MODULES = YES;
				CLANG_ENABLE_OBJC_ARC = YES;
				CLANG_ENABLE_OBJC_WEAK = YES;
				CLANG_WARN_BLOCK_CAPTURE_AUTORELEASING = YES;
				CLANG_WARN_BOOL_CONVERSION = YES;
				CLANG_WARN_COMMA = YES;
				CLANG_WARN_CONSTANT_CONVERSION = YES;
				CLANG_WARN_DEPRECATED_OBJC_IMPLEMENTATIONS = YES;
				CLANG_WARN_DIRECT_OBJC_ISA_USAGE = YES_ERROR;
				CLANG_WARN_DOCUMENTATION_COMMENTS = YES;
				CLANG_WARN_EMPTY_BODY = YES;
				CLANG_WARN_ENUM_CONVERSION = YES;
				CLANG_WARN_INFINITE_RECURSION = YES;
				CLANG_WARN_INT_CONVERSION = YES;
				CLANG_WARN_NON_LITERAL_NULL_CONVERSION = YES;
				CLANG_WARN_OBJC_IMPLICIT_RETAIN_SELF = YES;
				CLANG_WARN_OBJC_LITERAL_CONVERSION = YES;
				CLANG_WARN_OBJC_ROOT_CLASS = YES_ERROR;
				CLANG_WARN_QUOTED_INCLUDE_IN_FRAMEWORK_HEADER = YES;
				CLANG_WARN_RANGE_LOOP_ANALYSIS = YES;
				CLANG_WARN_STRICT_PROTOTYPES = YES;
				CLANG_WARN_SUSPICIOUS_MOVE = YES;
				CLANG_WARN_UNGUARDED_AVAILABILITY = YES_AGGRESSIVE;
				CLANG_WARN_UNREACHABLE_CODE = YES;
				CLANG_WARN__DUPLICATE_METHOD_MATCH = YES;
				COPY_PHASE_STRIP = NO;
				DEBUG_INFORMATION_FORMAT = dwarf;
				ENABLE_STRICT_OBJC_MSGSEND = YES;
				ENABLE_TESTABILITY = YES;
				GCC_C_LANGUAGE_STANDARD = gnu11;
				GCC_DYNAMIC_NO_PIC = NO;
				GCC_NO_COMMON_BLOCKS = YES;
				GCC_OPTIMIZATION_LEVEL = 0;
				GCC_PREPROCESSOR_DEFINITIONS = (
					"DEBUG=1",
					"$(inherited)",
				);
				GCC_WARN_64_TO_32_BIT_CONVERSION = YES;
				GCC_WARN_ABOUT_RETURN_TYPE = YES_ERROR;
				GCC_WARN_UNDECLARED_SELECTOR = YES;
				GCC_WARN_UNINITIALIZED_AUTOS = YES_AGGRESSIVE;
				GCC_WARN_UNUSED_FUNCTION = YES;
				GCC_WARN_UNUSED_VARIABLE = YES;
				IPHONEOS_DEPLOYMENT_TARGET = 17.0;
				MTL_ENABLE_DEBUG_INFO = INCLUDE_SOURCE;
				MTL_FAST_MATH = YES;
				ONLY_ACTIVE_ARCH = YES;
				SDKROOT = iphoneos;
				SWIFT_ACTIVE_COMPILATION_CONDITIONS = DEBUG;
				SWIFT_OPTIMIZATION_LEVEL = "-Onone";
			};
			name = Debug;
		};
		8D9063652A4D1C0900E6D5DC /* Release */ = {
			isa = XCBuildConfiguration;
			buildSettings = {
				ALWAYS_SEARCH_USER_PATHS = NO;
				CLANG_ANALYZER_NONNULL = YES;
				CLANG_ANALYZER_NUMBER_OBJECT_CONVERSION = YES_AGGRESSIVE;
				CLANG_CXX_LANGUAGE_STANDARD = "gnu++20";
				CLANG_ENABLE_MODULES = YES;
				CLANG_ENABLE_OBJC_ARC = YES;
				CLANG_ENABLE_OBJC_WEAK = YES;
				CLANG_WARN_BLOCK_CAPTURE_AUTORELEASING = YES;
				CLANG_WARN_BOOL_CONVERSION = YES;
				CLANG_WARN_COMMA = YES;
				CLANG_WARN_CONSTANT_CONVERSION = YES;
				CLANG_WARN_DEPRECATED_OBJC_IMPLEMENTATIONS = YES;
				CLANG_WARN_DIRECT_OBJC_ISA_USAGE = YES_ERROR;
				CLANG_WARN_DOCUMENTATION_COMMENTS = YES;
				CLANG_WARN_EMPTY_BODY = YES;
				CLANG_WARN_ENUM_CONVERSION = YES;
				CLANG_WARN_INFINITE_RECURSION = YES;
				CLANG_WARN_INT_CONVERSION = YES;
				CLANG_WARN_NON_LITERAL_NULL_CONVERSION = YES;
				CLANG_WARN_OBJC_IMPLICIT_RETAIN_SELF = YES;
				CLANG_WARN_OBJC_LITERAL_CONVERSION = YES;
				CLANG_WARN_OBJC_ROOT_CLASS = YES_ERROR;
				CLANG_WARN_QUOTED_INCLUDE_IN_FRAMEWORK_HEADER = YES;
				CLANG_WARN_RANGE_LOOP_ANALYSIS = YES;
				CLANG_WARN_STRICT_PROTOTYPES = YES;
				CLANG_WARN_SUSPICIOUS_MOVE = YES;
				CLANG_WARN_UNGUARDED_AVAILABILITY = YES_AGGRESSIVE;
				CLANG_WARN_UNREACHABLE_CODE = YES;
				CLANG_WARN__DUPLICATE_METHOD_MATCH = YES;
				COPY_PHASE_STRIP = NO;
				DEBUG_INFORMATION_FORMAT = "dwarf-with-dsym";
				ENABLE_NS_ASSERTIONS = NO;
				ENABLE_STRICT_OBJC_MSGSEND = YES;
				GCC_C_LANGUAGE_STANDARD = gnu11;
				GCC_NO_COMMON_BLOCKS = YES;
				GCC_WARN_64_TO_32_BIT_CONVERSION = YES;
				GCC_WARN_ABOUT_RETURN_TYPE = YES_ERROR;
				GCC_WARN_UNDECLARED_SELECTOR = YES;
				GCC_WARN_UNINITIALIZED_AUTOS = YES_AGGRESSIVE;
				GCC_WARN_UNUSED_FUNCTION = YES;
				GCC_WARN_UNUSED_VARIABLE = YES;
				IPHONEOS_DEPLOYMENT_TARGET = 17.0;
				MTL_ENABLE_DEBUG_INFO = NO;
				MTL_FAST_MATH = YES;
				SDKROOT = iphoneos;
				SWIFT_COMPILATION_MODE = wholemodule;
				SWIFT_OPTIMIZATION_LEVEL = "-O";
				VALIDATE_PRODUCT = YES;
			};
			name = Release;
		};
		8D9063672A4D1C0900E6D5DC /* Debug */ = {
			isa = XCBuildConfiguration;
			buildSettings = {
				ASSETCATALOG_COMPILER_APPICON_NAME = AppIcon;
				ASSETCATALOG_COMPILER_GLOBAL_ACCENT_COLOR_NAME = AccentColor;
				CODE_SIGN_STYLE = Automatic;
				CURRENT_PROJECT_VERSION = 1;
				DEVELOPMENT_ASSET_PATHS = "\"StepCountApp/Preview Content\"";
				DEVELOPMENT_TEAM = N6KUR9465F;
				ENABLE_PREVIEWS = YES;
				GENERATE_INFOPLIST_FILE = YES;
				INFOPLIST_FILE = StepCountApp/Info.plist;
				INFOPLIST_KEY_UIApplicationSceneManifest_Generation = YES;
				INFOPLIST_KEY_UIApplicationSupportsIndirectInputEvents = YES;
				INFOPLIST_KEY_UILaunchScreen_Generation = YES;
				INFOPLIST_KEY_UISupportedInterfaceOrientations_iPad = "UIInterfaceOrientationPortrait UIInterfaceOrientationPortraitUpsideDown UIInterfaceOrientationLandscapeLeft UIInterfaceOrientationLandscapeRight";
				INFOPLIST_KEY_UISupportedInterfaceOrientations_iPhone = "UIInterfaceOrientationPortrait UIInterfaceOrientationLandscapeLeft UIInterfaceOrientationLandscapeRight";
				LD_RUNPATH_SEARCH_PATHS = (
					"$(inherited)",
					"@executable_path/Frameworks",
				);
				MARKETING_VERSION = 1.0;
				PRODUCT_BUNDLE_IDENTIFIER = ko.piggy.StepCountApp;
				PRODUCT_NAME = "$(TARGET_NAME)";
				SWIFT_EMIT_LOC_STRINGS = YES;
				SWIFT_VERSION = 5.0;
				TARGETED_DEVICE_FAMILY = "1,2";
			};
			name = Debug;
		};
		8D9063682A4D1C0900E6D5DC /* Release */ = {
			isa = XCBuildConfiguration;
			buildSettings = {
				ASSETCATALOG_COMPILER_APPICON_NAME = AppIcon;
				ASSETCATALOG_COMPILER_GLOBAL_ACCENT_COLOR_NAME = AccentColor;
				CODE_SIGN_STYLE = Automatic;
				CURRENT_PROJECT_VERSION = 1;
				DEVELOPMENT_ASSET_PATHS = "\"StepCountApp/Preview Content\"";
				DEVELOPMENT_TEAM = N6KUR9465F;
				ENABLE_PREVIEWS = YES;
				GENERATE_INFOPLIST_FILE = YES;
				INFOPLIST_FILE = StepCountApp/Info.plist;
				INFOPLIST_KEY_UIApplicationSceneManifest_Generation = YES;
				INFOPLIST_KEY_UIApplicationSupportsIndirectInputEvents = YES;
				INFOPLIST_KEY_UILaunchScreen_Generation = YES;
				INFOPLIST_KEY_UISupportedInterfaceOrientations_iPad = "UIInterfaceOrientationPortrait UIInterfaceOrientationPortraitUpsideDown UIInterfaceOrientationLandscapeLeft UIInterfaceOrientationLandscapeRight";
				INFOPLIST_KEY_UISupportedInterfaceOrientations_iPhone = "UIInterfaceOrientationPortrait UIInterfaceOrientationLandscapeLeft UIInterfaceOrientationLandscapeRight";
				LD_RUNPATH_SEARCH_PATHS = (
					"$(inherited)",
					"@executable_path/Frameworks",
				);
				MARKETING_VERSION = 1.0;
				PRODUCT_BUNDLE_IDENTIFIER = ko.piggy.StepCountApp;
				PRODUCT_NAME = "$(TARGET_NAME)";
				SWIFT_EMIT_LOC_STRINGS = YES;
				SWIFT_VERSION = 5.0;
				TARGETED_DEVICE_FAMILY = "1,2";
			};
			name = Release;
		};
/* End XCBuildConfiguration section */

/* Begin XCConfigurationList section */
		8D9063532A4D1C0800E6D5DC /* Build configuration list for PBXProject "StepCountApp" */ = {
			isa = XCConfigurationList;
			buildConfigurations = (
				8D9063642A4D1C0900E6D5DC /* Debug */,
				8D9063652A4D1C0900E6D5DC /* Release */,
			);
			defaultConfigurationIsVisible = 0;
			defaultConfigurationName = Release;
		};
		8D9063662A4D1C0900E6D5DC /* Build configuration list for PBXNativeTarget "StepCountApp" */ = {
			isa = XCConfigurationList;
			buildConfigurations = (
				8D9063672A4D1C0900E6D5DC /* Debug */,
				8D9063682A4D1C0900E6D5DC /* Release */,
			);
			defaultConfigurationIsVisible = 0;
			defaultConfigurationName = Release;
		};
/* End XCConfigurationList section */
	};
	rootObject = 8D9063502A4D1C0800E6D5DC /* Project object */;
}
